
Microsoft Visual Studio Solution File, Format Version 12.00
# Visual Studio Version 17
VisualStudioVersion = 17.0.31903.59
MinimumVisualStudioVersion = 10.0.40219.1
Project("{2150E333-8FDC-42A3-9474-1A3956D46DE8}") = "Games", "Games", "{72393BD9-C72F-4408-954D-3842C5F8391C}"
EndProject
Project("{2150E333-8FDC-42A3-9474-1A3956D46DE8}") = "Shooter", "Shooter", "{D53CAACB-F76A-4D77-8890-8714EE93D9EC}"
EndProject
Project("{2150E333-8FDC-42A3-9474-1A3956D46DE8}") = "Shooter_DX", "Shooter_DX", "{D6F7B53E-AC7E-4C5C-881E-F9684791464D}"
EndProject
Project("{FAE04EC0-301F-11D3-BF4B-00C04F79EFBC}") = "Shooter_DX", "Games\Shooter\Shooter_DX\Shooter_DX\Shooter_DX.csproj", "{25FC667A-D1A6-4060-A1EC-4A2434D63EDF}"
EndProject
Project("{2150E333-8FDC-42A3-9474-1A3956D46DE8}") = "Miscellaneous", "Miscellaneous", "{EA4740A7-0E33-4F47-B7FE-3E2328B84A8B}"
EndProject
Project("{FAE04EC0-301F-11D3-BF4B-00C04F79EFBC}") = "ProgressBar", "Miscellaneous\ProgressBar\ProgressBar.csproj", "{7E19C5C3-7DA3-4B7B-BE34-43B982533F92}"
EndProject
Project("{2150E333-8FDC-42A3-9474-1A3956D46DE8}") = "Shaders", "Shaders", "{40A7C1F6-B5D9-4C59-91A7-E348FB0E1FA3}"
EndProject
Project("{FAE04EC0-301F-11D3-BF4B-00C04F79EFBC}") = "PixelShader", "Miscellaneous\Shaders\PixelShader\PixelShader.csproj", "{AFA801EF-9796-438A-BD64-FC5D542660A7}"
EndProject
Project("{FAE04EC0-301F-11D3-BF4B-00C04F79EFBC}") = "ParticleSystem", "Miscellaneous\ParticleSystem\ParticleSystem.csproj", "{5F75E097-E9D6-454F-86A2-461316013D1A}"
EndProject
Project("{2150E333-8FDC-42A3-9474-1A3956D46DE8}") = "Pong", "Pong", "{BB4CE7A6-6406-4C5A-BB45-8022F3B84927}"
EndProject
Project("{2150E333-8FDC-42A3-9474-1A3956D46DE8}") = "Pong_DX", "Pong_DX", "{36D23C1D-19A3-4516-9121-A490A32AE760}"
EndProject
Project("{FAE04EC0-301F-11D3-BF4B-00C04F79EFBC}") = "Pong_DX", "Games\Pong\Pong_DX\Pong_DX\Pong_DX.csproj", "{1B04F486-08C6-4721-90E0-11506B899F7F}"
EndProject
Global
	GlobalSection(SolutionConfigurationPlatforms) = preSolution
		Debug|Any CPU = Debug|Any CPU
		Release|Any CPU = Release|Any CPU
	EndGlobalSection
	GlobalSection(SolutionProperties) = preSolution
		HideSolutionNode = FALSE
	EndGlobalSection
	GlobalSection(ProjectConfigurationPlatforms) = postSolution
		{25FC667A-D1A6-4060-A1EC-4A2434D63EDF}.Debug|Any CPU.ActiveCfg = Debug|Any CPU
		{25FC667A-D1A6-4060-A1EC-4A2434D63EDF}.Debug|Any CPU.Build.0 = Debug|Any CPU
		{25FC667A-D1A6-4060-A1EC-4A2434D63EDF}.Release|Any CPU.ActiveCfg = Release|Any CPU
		{25FC667A-D1A6-4060-A1EC-4A2434D63EDF}.Release|Any CPU.Build.0 = Release|Any CPU
		{7E19C5C3-7DA3-4B7B-BE34-43B982533F92}.Debug|Any CPU.ActiveCfg = Debug|Any CPU
		{7E19C5C3-7DA3-4B7B-BE34-43B982533F92}.Debug|Any CPU.Build.0 = Debug|Any CPU
		{7E19C5C3-7DA3-4B7B-BE34-43B982533F92}.Release|Any CPU.ActiveCfg = Release|Any CPU
		{7E19C5C3-7DA3-4B7B-BE34-43B982533F92}.Release|Any CPU.Build.0 = Release|Any CPU
		{AFA801EF-9796-438A-BD64-FC5D542660A7}.Debug|Any CPU.ActiveCfg = Debug|Any CPU
		{AFA801EF-9796-438A-BD64-FC5D542660A7}.Debug|Any CPU.Build.0 = Debug|Any CPU
		{AFA801EF-9796-438A-BD64-FC5D542660A7}.Release|Any CPU.ActiveCfg = Release|Any CPU
		{AFA801EF-9796-438A-BD64-FC5D542660A7}.Release|Any CPU.Build.0 = Release|Any CPU
		{5F75E097-E9D6-454F-86A2-461316013D1A}.Debug|Any CPU.ActiveCfg = Debug|Any CPU
		{5F75E097-E9D6-454F-86A2-461316013D1A}.Debug|Any CPU.Build.0 = Debug|Any CPU
		{5F75E097-E9D6-454F-86A2-461316013D1A}.Release|Any CPU.ActiveCfg = Release|Any CPU
		{5F75E097-E9D6-454F-86A2-461316013D1A}.Release|Any CPU.Build.0 = Release|Any CPU
		{1B04F486-08C6-4721-90E0-11506B899F7F}.Debug|Any CPU.ActiveCfg = Debug|Any CPU
		{1B04F486-08C6-4721-90E0-11506B899F7F}.Debug|Any CPU.Build.0 = Debug|Any CPU
		{1B04F486-08C6-4721-90E0-11506B899F7F}.Release|Any CPU.ActiveCfg = Release|Any CPU
		{1B04F486-08C6-4721-90E0-11506B899F7F}.Release|Any CPU.Build.0 = Release|Any CPU
	EndGlobalSection
	GlobalSection(NestedProjects) = preSolution
		{D53CAACB-F76A-4D77-8890-8714EE93D9EC} = {72393BD9-C72F-4408-954D-3842C5F8391C}
		{D6F7B53E-AC7E-4C5C-881E-F9684791464D} = {D53CAACB-F76A-4D77-8890-8714EE93D9EC}
		{25FC667A-D1A6-4060-A1EC-4A2434D63EDF} = {D6F7B53E-AC7E-4C5C-881E-F9684791464D}
		{7E19C5C3-7DA3-4B7B-BE34-43B982533F92} = {EA4740A7-0E33-4F47-B7FE-3E2328B84A8B}
		{40A7C1F6-B5D9-4C59-91A7-E348FB0E1FA3} = {EA4740A7-0E33-4F47-B7FE-3E2328B84A8B}
		{AFA801EF-9796-438A-BD64-FC5D542660A7} = {40A7C1F6-B5D9-4C59-91A7-E348FB0E1FA3}
		{5F75E097-E9D6-454F-86A2-461316013D1A} = {EA4740A7-0E33-4F47-B7FE-3E2328B84A8B}
		{BB4CE7A6-6406-4C5A-BB45-8022F3B84927} = {72393BD9-C72F-4408-954D-3842C5F8391C}
		{36D23C1D-19A3-4516-9121-A490A32AE760} = {BB4CE7A6-6406-4C5A-BB45-8022F3B84927}
		{1B04F486-08C6-4721-90E0-11506B899F7F} = {36D23C1D-19A3-4516-9121-A490A32AE760}
	EndGlobalSection
EndGlobal
